
Microsoft Visual Studio Solution File, Format Version 12.00
# Visual Studio Version 17
VisualStudioVersion = 17.4.33213.308
MinimumVisualStudioVersion = 10.0.40219.1
Project("{FAE04EC0-301F-11D3-BF4B-00C04F79EFBC}") = "web", "web.csproj", "{420B161E-9589-43E6-9B40-0D2D07DD2439}"
EndProject
Global
	GlobalSection(SolutionConfigurationPlatforms) = preSolution
		Debug|Any CPU = Debug|Any CPU
		Release|Any CPU = Release|Any CPU
	EndGlobalSection
	GlobalSection(ProjectConfigurationPlatforms) = postSolution
		{420B161E-9589-43E6-9B40-0D2D07DD2439}.Debug|Any CPU.ActiveCfg = Debug|Any CPU
		{420B161E-9589-43E6-9B40-0D2D07DD2439}.Debug|Any CPU.Build.0 = Debug|Any CPU
		{420B161E-9589-43E6-9B40-0D2D07DD2439}.Release|Any CPU.ActiveCfg = Release|Any CPU
		{420B161E-9589-43E6-9B40-0D2D07DD2439}.Release|Any CPU.Build.0 = Release|Any CPU
	EndGlobalSection
	GlobalSection(SolutionProperties) = preSolution
		HideSolutionNode = FALSE
	EndGlobalSection
	GlobalSection(ExtensibilityGlobals) = postSolution
		SolutionGuid = {AC76DC3A-C817-4129-B555-79103DE546D6}
	EndGlobalSection
EndGlobal
